{
    "name": "ff-password-exporter",
    "version": "1.0.0",
    "lockfileVersion": 1,
    "requires": true,
    "dependencies": {
        "node-forge": {
            "version": "0.7.5",
            "resolved": "https://registry.npmjs.org/node-forge/-/node-forge-0.7.5.tgz",
            "integrity": "sha512-MmbQJ2MTESTjt3Gi/3yG1wGpIMhUfcIypUCGtTizFR9IiccFwxSpfp0vtIZlkFclEqERemxfnSdZEMR9VqqEFQ=="
        },
        "papaparse": {
            "version": "4.4.0",
            "resolved": "https://registry.npmjs.org/papaparse/-/papaparse-4.4.0.tgz",
            "integrity": "sha1-a829qAhz4Az7C9zXpFcccqmkAWg="
        },
        "sql.js": {
            "version": "0.5.0",
            "resolved": "https://registry.npmjs.org/sql.js/-/sql.js-0.5.0.tgz",
            "integrity": "sha1-+IDeoYKAqEDkHfIgnclnQi36jYE="
        }
    }
}
